// !$*UTF8*$!
{
	archiveVersion = 1;
	classes = {
	};
	objectVersion = 56;
	objects = {

/* Begin PBXBuildFile section */
		B141AFA02BFAF2BE00EB1B3F /* Assets.xcassets in Resources */ = {isa = PBXBuildFile; fileRef = B1EF53F62BF14B4000FEAC6F /* Assets.xcassets */; };
		B141AFB32BFAF2D300EB1B3F /* Exo-ExtraBoldItalic.ttf in Resources */ = {isa = PBXBuildFile; fileRef = B141AFA12BFAF2D300EB1B3F /* Exo-ExtraBoldItalic.ttf */; };
		B141AFB42BFAF2D300EB1B3F /* Exo-Bold.ttf in Resources */ = {isa = PBXBuildFile; fileRef = B141AFA22BFAF2D300EB1B3F /* Exo-Bold.ttf */; };
		B141AFB52BFAF2D300EB1B3F /* Exo-ExtraLight.ttf in Resources */ = {isa = PBXBuildFile; fileRef = B141AFA32BFAF2D300EB1B3F /* Exo-ExtraLight.ttf */; };
		B141AFB62BFAF2D300EB1B3F /* Exo-Thin.ttf in Resources */ = {isa = PBXBuildFile; fileRef = B141AFA42BFAF2D300EB1B3F /* Exo-Thin.ttf */; };
		B141AFB72BFAF2D300EB1B3F /* Exo-LightItalic.ttf in Resources */ = {isa = PBXBuildFile; fileRef = B141AFA52BFAF2D300EB1B3F /* Exo-LightItalic.ttf */; };
		B141AFB82BFAF2D300EB1B3F /* Exo-Regular.ttf in Resources */ = {isa = PBXBuildFile; fileRef = B141AFA62BFAF2D300EB1B3F /* Exo-Regular.ttf */; };
		B141AFB92BFAF2D300EB1B3F /* Exo-SemiBold.ttf in Resources */ = {isa = PBXBuildFile; fileRef = B141AFA72BFAF2D300EB1B3F /* Exo-SemiBold.ttf */; };
		B141AFBA2BFAF2D300EB1B3F /* Exo-Medium.ttf in Resources */ = {isa = PBXBuildFile; fileRef = B141AFA82BFAF2D300EB1B3F /* Exo-Medium.ttf */; };
		B141AFBB2BFAF2D300EB1B3F /* Exo-SemiBoldItalic.ttf in Resources */ = {isa = PBXBuildFile; fileRef = B141AFA92BFAF2D300EB1B3F /* Exo-SemiBoldItalic.ttf */; };
		B141AFBC2BFAF2D300EB1B3F /* Exo-ExtraLightItalic.ttf in Resources */ = {isa = PBXBuildFile; fileRef = B141AFAA2BFAF2D300EB1B3F /* Exo-ExtraLightItalic.ttf */; };
		B141AFBD2BFAF2D300EB1B3F /* Exo-ExtraBold.ttf in Resources */ = {isa = PBXBuildFile; fileRef = B141AFAB2BFAF2D300EB1B3F /* Exo-ExtraBold.ttf */; };
		B141AFBE2BFAF2D300EB1B3F /* Exo-MediumItalic.ttf in Resources */ = {isa = PBXBuildFile; fileRef = B141AFAC2BFAF2D300EB1B3F /* Exo-MediumItalic.ttf */; };
		B141AFBF2BFAF2D300EB1B3F /* Exo-BoldItalic.ttf in Resources */ = {isa = PBXBuildFile; fileRef = B141AFAD2BFAF2D300EB1B3F /* Exo-BoldItalic.ttf */; };
		B141AFC02BFAF2D300EB1B3F /* Exo-ThinItalic.ttf in Resources */ = {isa = PBXBuildFile; fileRef = B141AFAE2BFAF2D300EB1B3F /* Exo-ThinItalic.ttf */; };
		B141AFC12BFAF2D300EB1B3F /* Exo-Black.ttf in Resources */ = {isa = PBXBuildFile; fileRef = B141AFAF2BFAF2D300EB1B3F /* Exo-Black.ttf */; };
		B141AFC22BFAF2D300EB1B3F /* Exo-Italic.ttf in Resources */ = {isa = PBXBuildFile; fileRef = B141AFB02BFAF2D300EB1B3F /* Exo-Italic.ttf */; };
		B141AFC32BFAF2D300EB1B3F /* Exo-Light.ttf in Resources */ = {isa = PBXBuildFile; fileRef = B141AFB12BFAF2D300EB1B3F /* Exo-Light.ttf */; };
		B141AFC42BFAF2D300EB1B3F /* Exo-BlackItalic.ttf in Resources */ = {isa = PBXBuildFile; fileRef = B141AFB22BFAF2D300EB1B3F /* Exo-BlackItalic.ttf */; };
		B1EF53EE2BF14B3400FEAC6F /* AppDelegate.swift in Sources */ = {isa = PBXBuildFile; fileRef = B1EF53ED2BF14B3400FEAC6F /* AppDelegate.swift */; };
		B1EF53F02BF14B3400FEAC6F /* SceneDelegate.swift in Sources */ = {isa = PBXBuildFile; fileRef = B1EF53EF2BF14B3400FEAC6F /* SceneDelegate.swift */; };
		B1FA8B802BF5F28B0024FF55 /* event.storyboard in Resources */ = {isa = PBXBuildFile; fileRef = B1FA8B7F2BF5F28B0024FF55 /* event.storyboard */; };
		B1FA8B822BF5F2980024FF55 /* explore.storyboard in Resources */ = {isa = PBXBuildFile; fileRef = B1FA8B812BF5F2980024FF55 /* explore.storyboard */; };
		B1FA8B892BF5F3010024FF55 /* EventListViewController.swift in Sources */ = {isa = PBXBuildFile; fileRef = B1FA8B882BF5F3010024FF55 /* EventListViewController.swift */; };
		B1FA8B902BF83FD10024FF55 /* HomeViewController.swift in Sources */ = {isa = PBXBuildFile; fileRef = B1FA8B8F2BF83FD10024FF55 /* HomeViewController.swift */; };
		B1FA8B922BF83FF10024FF55 /* home.storyboard in Resources */ = {isa = PBXBuildFile; fileRef = B1FA8B912BF83FF10024FF55 /* home.storyboard */; };
		B1FA8B952BFA84D40024FF55 /* FeatureTableViewCell.swift in Sources */ = {isa = PBXBuildFile; fileRef = B1FA8B942BFA84D40024FF55 /* FeatureTableViewCell.swift */; };
/* End PBXBuildFile section */

/* Begin PBXFileReference section */
		B141AFA12BFAF2D300EB1B3F /* Exo-ExtraBoldItalic.ttf */ = {isa = PBXFileReference; lastKnownFileType = file; path = "Exo-ExtraBoldItalic.ttf"; sourceTree = "<group>"; };
		B141AFA22BFAF2D300EB1B3F /* Exo-Bold.ttf */ = {isa = PBXFileReference; lastKnownFileType = file; path = "Exo-Bold.ttf"; sourceTree = "<group>"; };
		B141AFA32BFAF2D300EB1B3F /* Exo-ExtraLight.ttf */ = {isa = PBXFileReference; lastKnownFileType = file; path = "Exo-ExtraLight.ttf"; sourceTree = "<group>"; };
		B141AFA42BFAF2D300EB1B3F /* Exo-Thin.ttf */ = {isa = PBXFileReference; lastKnownFileType = file; path = "Exo-Thin.ttf"; sourceTree = "<group>"; };
		B141AFA52BFAF2D300EB1B3F /* Exo-LightItalic.ttf */ = {isa = PBXFileReference; lastKnownFileType = file; path = "Exo-LightItalic.ttf"; sourceTree = "<group>"; };
		B141AFA62BFAF2D300EB1B3F /* Exo-Regular.ttf */ = {isa = PBXFileReference; lastKnownFileType = file; path = "Exo-Regular.ttf"; sourceTree = "<group>"; };
		B141AFA72BFAF2D300EB1B3F /* Exo-SemiBold.ttf */ = {isa = PBXFileReference; lastKnownFileType = file; path = "Exo-SemiBold.ttf"; sourceTree = "<group>"; };
		B141AFA82BFAF2D300EB1B3F /* Exo-Medium.ttf */ = {isa = PBXFileReference; lastKnownFileType = file; path = "Exo-Medium.ttf"; sourceTree = "<group>"; };
		B141AFA92BFAF2D300EB1B3F /* Exo-SemiBoldItalic.ttf */ = {isa = PBXFileReference; lastKnownFileType = file; path = "Exo-SemiBoldItalic.ttf"; sourceTree = "<group>"; };
		B141AFAA2BFAF2D300EB1B3F /* Exo-ExtraLightItalic.ttf */ = {isa = PBXFileReference; lastKnownFileType = file; path = "Exo-ExtraLightItalic.ttf"; sourceTree = "<group>"; };
		B141AFAB2BFAF2D300EB1B3F /* Exo-ExtraBold.ttf */ = {isa = PBXFileReference; lastKnownFileType = file; path = "Exo-ExtraBold.ttf"; sourceTree = "<group>"; };
		B141AFAC2BFAF2D300EB1B3F /* Exo-MediumItalic.ttf */ = {isa = PBXFileReference; lastKnownFileType = file; path = "Exo-MediumItalic.ttf"; sourceTree = "<group>"; };
		B141AFAD2BFAF2D300EB1B3F /* Exo-BoldItalic.ttf */ = {isa = PBXFileReference; lastKnownFileType = file; path = "Exo-BoldItalic.ttf"; sourceTree = "<group>"; };
		B141AFAE2BFAF2D300EB1B3F /* Exo-ThinItalic.ttf */ = {isa = PBXFileReference; lastKnownFileType = file; path = "Exo-ThinItalic.ttf"; sourceTree = "<group>"; };
		B141AFAF2BFAF2D300EB1B3F /* Exo-Black.ttf */ = {isa = PBXFileReference; lastKnownFileType = file; path = "Exo-Black.ttf"; sourceTree = "<group>"; };
		B141AFB02BFAF2D300EB1B3F /* Exo-Italic.ttf */ = {isa = PBXFileReference; lastKnownFileType = file; path = "Exo-Italic.ttf"; sourceTree = "<group>"; };
		B141AFB12BFAF2D300EB1B3F /* Exo-Light.ttf */ = {isa = PBXFileReference; lastKnownFileType = file; path = "Exo-Light.ttf"; sourceTree = "<group>"; };
		B141AFB22BFAF2D300EB1B3F /* Exo-BlackItalic.ttf */ = {isa = PBXFileReference; lastKnownFileType = file; path = "Exo-BlackItalic.ttf"; sourceTree = "<group>"; };
		B1EF53EA2BF14B3400FEAC6F /* cureios.app */ = {isa = PBXFileReference; explicitFileType = wrapper.application; includeInIndex = 0; path = cureios.app; sourceTree = BUILT_PRODUCTS_DIR; };
		B1EF53ED2BF14B3400FEAC6F /* AppDelegate.swift */ = {isa = PBXFileReference; lastKnownFileType = sourcecode.swift; path = AppDelegate.swift; sourceTree = "<group>"; };
		B1EF53EF2BF14B3400FEAC6F /* SceneDelegate.swift */ = {isa = PBXFileReference; lastKnownFileType = sourcecode.swift; path = SceneDelegate.swift; sourceTree = "<group>"; };
		B1EF53F42BF14B3400FEAC6F /* Base */ = {isa = PBXFileReference; lastKnownFileType = file.storyboard; name = Base; path = Base.lproj/Main.storyboard; sourceTree = "<group>"; };
		B1EF53F62BF14B4000FEAC6F /* Assets.xcassets */ = {isa = PBXFileReference; lastKnownFileType = folder.assetcatalog; path = Assets.xcassets; sourceTree = "<group>"; };
		B1EF53F92BF14B4000FEAC6F /* Base */ = {isa = PBXFileReference; lastKnownFileType = file.storyboard; name = Base; path = Base.lproj/launchScreen.storyboard; sourceTree = "<group>"; };
		B1EF53FB2BF14B4000FEAC6F /* Info.plist */ = {isa = PBXFileReference; lastKnownFileType = text.plist.xml; path = Info.plist; sourceTree = "<group>"; };
		B1FA8B7F2BF5F28B0024FF55 /* event.storyboard */ = {isa = PBXFileReference; lastKnownFileType = file.storyboard; name = event.storyboard; path = ../event.storyboard; sourceTree = "<group>"; };
		B1FA8B812BF5F2980024FF55 /* explore.storyboard */ = {isa = PBXFileReference; lastKnownFileType = file.storyboard; path = explore.storyboard; sourceTree = "<group>"; };
		B1FA8B882BF5F3010024FF55 /* EventListViewController.swift */ = {isa = PBXFileReference; lastKnownFileType = sourcecode.swift; name = EventListViewController.swift; path = ../EventListViewController.swift; sourceTree = "<group>"; };
		B1FA8B8F2BF83FD10024FF55 /* HomeViewController.swift */ = {isa = PBXFileReference; lastKnownFileType = sourcecode.swift; path = HomeViewController.swift; sourceTree = "<group>"; };
		B1FA8B912BF83FF10024FF55 /* home.storyboard */ = {isa = PBXFileReference; lastKnownFileType = file.storyboard; path = home.storyboard; sourceTree = "<group>"; };
		B1FA8B942BFA84D40024FF55 /* FeatureTableViewCell.swift */ = {isa = PBXFileReference; lastKnownFileType = sourcecode.swift; path = FeatureTableViewCell.swift; sourceTree = "<group>"; };
/* End PBXFileReference section */

/* Begin PBXFrameworksBuildPhase section */
		B1EF53E72BF14B3400FEAC6F /* Frameworks */ = {
			isa = PBXFrameworksBuildPhase;
			buildActionMask = 2147483647;
			files = (
			);
			runOnlyForDeploymentPostprocessing = 0;
		};
/* End PBXFrameworksBuildPhase section */

/* Begin PBXGroup section */
		B141AF9C2BFAF28200EB1B3F /* assets */ = {
			isa = PBXGroup;
			children = (
				B141AF9F2BFAF2B100EB1B3F /* fonts */,
				B141AF9E2BFAF2AB00EB1B3F /* images */,
			);
			path = assets;
			sourceTree = "<group>";
		};
		B141AF9E2BFAF2AB00EB1B3F /* images */ = {
			isa = PBXGroup;
			children = (
				B1EF53F62BF14B4000FEAC6F /* Assets.xcassets */,
			);
			path = images;
			sourceTree = "<group>";
		};
		B141AF9F2BFAF2B100EB1B3F /* fonts */ = {
			isa = PBXGroup;
			children = (
				B141AFAF2BFAF2D300EB1B3F /* Exo-Black.ttf */,
				B141AFB22BFAF2D300EB1B3F /* Exo-BlackItalic.ttf */,
				B141AFA22BFAF2D300EB1B3F /* Exo-Bold.ttf */,
				B141AFAD2BFAF2D300EB1B3F /* Exo-BoldItalic.ttf */,
				B141AFAB2BFAF2D300EB1B3F /* Exo-ExtraBold.ttf */,
				B141AFA12BFAF2D300EB1B3F /* Exo-ExtraBoldItalic.ttf */,
				B141AFA32BFAF2D300EB1B3F /* Exo-ExtraLight.ttf */,
				B141AFAA2BFAF2D300EB1B3F /* Exo-ExtraLightItalic.ttf */,
				B141AFB02BFAF2D300EB1B3F /* Exo-Italic.ttf */,
				B141AFB12BFAF2D300EB1B3F /* Exo-Light.ttf */,
				B141AFA52BFAF2D300EB1B3F /* Exo-LightItalic.ttf */,
				B141AFA82BFAF2D300EB1B3F /* Exo-Medium.ttf */,
				B141AFAC2BFAF2D300EB1B3F /* Exo-MediumItalic.ttf */,
				B141AFA62BFAF2D300EB1B3F /* Exo-Regular.ttf */,
				B141AFA72BFAF2D300EB1B3F /* Exo-SemiBold.ttf */,
				B141AFA92BFAF2D300EB1B3F /* Exo-SemiBoldItalic.ttf */,
				B141AFA42BFAF2D300EB1B3F /* Exo-Thin.ttf */,
				B141AFAE2BFAF2D300EB1B3F /* Exo-ThinItalic.ttf */,
			);
			path = fonts;
			sourceTree = "<group>";
		};
		B141AFC52BFAF2E400EB1B3F /* view */ = {
			isa = PBXGroup;
			children = (
				B1FA8B912BF83FF10024FF55 /* home.storyboard */,
			);
			path = view;
			sourceTree = "<group>";
		};
		B1A946C62BFAF3B80041057F /* explore */ = {
			isa = PBXGroup;
			children = (
				B1A946C72BFAF3CA0041057F /* view */,
				B1A946C82BFAF3D10041057F /* controller */,
			);
			path = explore;
			sourceTree = "<group>";
		};
		B1A946C72BFAF3CA0041057F /* view */ = {
			isa = PBXGroup;
			children = (
				B1FA8B812BF5F2980024FF55 /* explore.storyboard */,
			);
			path = view;
			sourceTree = "<group>";
		};
		B1A946C82BFAF3D10041057F /* controller */ = {
			isa = PBXGroup;
			children = (
			);
			path = controller;
			sourceTree = "<group>";
		};
		B1A946C92BFAF3DD0041057F /* view */ = {
			isa = PBXGroup;
			children = (
				B1FA8B7F2BF5F28B0024FF55 /* event.storyboard */,
			);
			path = view;
			sourceTree = "<group>";
		};
		B1A946CA2BFAF3E40041057F /* controller */ = {
			isa = PBXGroup;
			children = (
				B1FA8B882BF5F3010024FF55 /* EventListViewController.swift */,
			);
			path = controller;
			sourceTree = "<group>";
		};
		B1EE91B32BF2F75100A66182 /* ui */ = {
			isa = PBXGroup;
			children = (
				B1FA8B8D2BF83F6F0024FF55 /* home */,
				B1A946C62BFAF3B80041057F /* explore */,
				B1FA8B872BF5F2E60024FF55 /* event */,
				B1EF53F82BF14B4000FEAC6F /* launchScreen.storyboard */,
				B1EF53F32BF14B3400FEAC6F /* Main.storyboard */,
			);
			path = ui;
			sourceTree = "<group>";
		};
		B1EF53E12BF14B3400FEAC6F = {
			isa = PBXGroup;
			children = (
				B1EF53EC2BF14B3400FEAC6F /* cureios */,
				B1EF53EB2BF14B3400FEAC6F /* Products */,
			);
			sourceTree = "<group>";
		};
		B1EF53EB2BF14B3400FEAC6F /* Products */ = {
			isa = PBXGroup;
			children = (
				B1EF53EA2BF14B3400FEAC6F /* cureios.app */,
			);
			name = Products;
			sourceTree = "<group>";
		};
		B1EF53EC2BF14B3400FEAC6F /* cureios */ = {
			isa = PBXGroup;
			children = (
				B141AF9C2BFAF28200EB1B3F /* assets */,
				B1FA8B8C2BF7A2BE0024FF55 /* model */,
				B1EE91B32BF2F75100A66182 /* ui */,
				B1EF53ED2BF14B3400FEAC6F /* AppDelegate.swift */,
				B1EF53EF2BF14B3400FEAC6F /* SceneDelegate.swift */,
				B1EF53FB2BF14B4000FEAC6F /* Info.plist */,
			);
			path = cureios;
			sourceTree = "<group>";
		};
		B1FA8B872BF5F2E60024FF55 /* event */ = {
			isa = PBXGroup;
			children = (
				B1A946C92BFAF3DD0041057F /* view */,
				B1A946CA2BFAF3E40041057F /* controller */,
			);
			path = event;
			sourceTree = "<group>";
		};
		B1FA8B8C2BF7A2BE0024FF55 /* model */ = {
			isa = PBXGroup;
			children = (
			);
			path = model;
			sourceTree = "<group>";
		};
		B1FA8B8D2BF83F6F0024FF55 /* home */ = {
			isa = PBXGroup;
			children = (
				B141AFC52BFAF2E400EB1B3F /* view */,
				B1FA8B932BFA84B60024FF55 /* controller */,
			);
			path = home;
			sourceTree = "<group>";
		};
		B1FA8B932BFA84B60024FF55 /* controller */ = {
			isa = PBXGroup;
			children = (
				B1FA8B8F2BF83FD10024FF55 /* HomeViewController.swift */,
				B1FA8B942BFA84D40024FF55 /* FeatureTableViewCell.swift */,
			);
			path = controller;
			sourceTree = "<group>";
		};
/* End PBXGroup section */

/* Begin PBXNativeTarget section */
		B1EF53E92BF14B3400FEAC6F /* cureios */ = {
			isa = PBXNativeTarget;
			buildConfigurationList = B1EF53FE2BF14B4000FEAC6F /* Build configuration list for PBXNativeTarget "cureios" */;
			buildPhases = (
				B1EF53E62BF14B3400FEAC6F /* Sources */,
				B1EF53E72BF14B3400FEAC6F /* Frameworks */,
				B1EF53E82BF14B3400FEAC6F /* Resources */,
			);
			buildRules = (
			);
			dependencies = (
			);
			name = cureios;
			productName = cureios;
			productReference = B1EF53EA2BF14B3400FEAC6F /* cureios.app */;
			productType = "com.apple.product-type.application";
		};
/* End PBXNativeTarget section */

/* Begin PBXProject section */
		B1EF53E22BF14B3400FEAC6F /* Project object */ = {
			isa = PBXProject;
			attributes = {
				BuildIndependentTargetsInParallel = 1;
				LastSwiftUpdateCheck = 1530;
				LastUpgradeCheck = 1530;
				TargetAttributes = {
					B1EF53E92BF14B3400FEAC6F = {
						CreatedOnToolsVersion = 15.3;
					};
				};
			};
			buildConfigurationList = B1EF53E52BF14B3400FEAC6F /* Build configuration list for PBXProject "cureios" */;
			compatibilityVersion = "Xcode 14.0";
			developmentRegion = en;
			hasScannedForEncodings = 0;
			knownRegions = (
				en,
				Base,
			);
			mainGroup = B1EF53E12BF14B3400FEAC6F;
			productRefGroup = B1EF53EB2BF14B3400FEAC6F /* Products */;
			projectDirPath = "";
			projectRoot = "";
			targets = (
				B1EF53E92BF14B3400FEAC6F /* cureios */,
			);
		};
/* End PBXProject section */

/* Begin PBXResourcesBuildPhase section */
		B1EF53E82BF14B3400FEAC6F /* Resources */ = {
			isa = PBXResourcesBuildPhase;
			buildActionMask = 2147483647;
			files = (
				B1FA8B922BF83FF10024FF55 /* home.storyboard in Resources */,
				B1FA8B822BF5F2980024FF55 /* explore.storyboard in Resources */,
				B1FA8B802BF5F28B0024FF55 /* event.storyboard in Resources */,
				B141AFA02BFAF2BE00EB1B3F /* Assets.xcassets in Resources */,
				B141AFC42BFAF2D300EB1B3F /* Exo-BlackItalic.ttf in Resources */,
				B141AFBB2BFAF2D300EB1B3F /* Exo-SemiBoldItalic.ttf in Resources */,
				B141AFC32BFAF2D300EB1B3F /* Exo-Light.ttf in Resources */,
				B141AFB92BFAF2D300EB1B3F /* Exo-SemiBold.ttf in Resources */,
				B141AFB72BFAF2D300EB1B3F /* Exo-LightItalic.ttf in Resources */,
				B141AFBC2BFAF2D300EB1B3F /* Exo-ExtraLightItalic.ttf in Resources */,
				B141AFC12BFAF2D300EB1B3F /* Exo-Black.ttf in Resources */,
				B141AFBA2BFAF2D300EB1B3F /* Exo-Medium.ttf in Resources */,
				B141AFB42BFAF2D300EB1B3F /* Exo-Bold.ttf in Resources */,
				B141AFBF2BFAF2D300EB1B3F /* Exo-BoldItalic.ttf in Resources */,
				B141AFB82BFAF2D300EB1B3F /* Exo-Regular.ttf in Resources */,
				B141AFB52BFAF2D300EB1B3F /* Exo-ExtraLight.ttf in Resources */,
				B141AFC22BFAF2D300EB1B3F /* Exo-Italic.ttf in Resources */,
				B141AFB62BFAF2D300EB1B3F /* Exo-Thin.ttf in Resources */,
				B141AFBE2BFAF2D300EB1B3F /* Exo-MediumItalic.ttf in Resources */,
				B141AFBD2BFAF2D300EB1B3F /* Exo-ExtraBold.ttf in Resources */,
				B141AFC02BFAF2D300EB1B3F /* Exo-ThinItalic.ttf in Resources */,
				B141AFB32BFAF2D300EB1B3F /* Exo-ExtraBoldItalic.ttf in Resources */,
			);
			runOnlyForDeploymentPostprocessing = 0;
		};
/* End PBXResourcesBuildPhase section */

/* Begin PBXSourcesBuildPhase section */
		B1EF53E62BF14B3400FEAC6F /* Sources */ = {
			isa = PBXSourcesBuildPhase;
			buildActionMask = 2147483647;
			files = (
				B1FA8B952BFA84D40024FF55 /* FeatureTableViewCell.swift in Sources */,
				B1FA8B902BF83FD10024FF55 /* HomeViewController.swift in Sources */,
				B1FA8B892BF5F3010024FF55 /* EventListViewController.swift in Sources */,
				B1EF53EE2BF14B3400FEAC6F /* AppDelegate.swift in Sources */,
				B1EF53F02BF14B3400FEAC6F /* SceneDelegate.swift in Sources */,
			);
			runOnlyForDeploymentPostprocessing = 0;
		};
/* End PBXSourcesBuildPhase section */

/* Begin PBXVariantGroup section */
		B1EF53F32BF14B3400FEAC6F /* Main.storyboard */ = {
			isa = PBXVariantGroup;
			children = (
				B1EF53F42BF14B3400FEAC6F /* Base */,
			);
			name = Main.storyboard;
			sourceTree = "<group>";
		};
		B1EF53F82BF14B4000FEAC6F /* launchScreen.storyboard */ = {
			isa = PBXVariantGroup;
			children = (
				B1EF53F92BF14B4000FEAC6F /* Base */,
			);
			name = launchScreen.storyboard;
			sourceTree = "<group>";
		};
/* End PBXVariantGroup section */

/* Begin XCBuildConfiguration section */
		B1EF53FC2BF14B4000FEAC6F /* Debug */ = {
			isa = XCBuildConfiguration;
			buildSettings = {
				ALWAYS_SEARCH_USER_PATHS = NO;
				ASSETCATALOG_COMPILER_GENERATE_SWIFT_ASSET_SYMBOL_EXTENSIONS = YES;
				CLANG_ANALYZER_NONNULL = YES;
				CLANG_ANALYZER_NUMBER_OBJECT_CONVERSION = YES_AGGRESSIVE;
				CLANG_CXX_LANGUAGE_STANDARD = "gnu++20";
				CLANG_ENABLE_MODULES = YES;
				CLANG_ENABLE_OBJC_ARC = YES;
				CLANG_ENABLE_OBJC_WEAK = YES;
				CLANG_WARN_BLOCK_CAPTURE_AUTORELEASING = YES;
				CLANG_WARN_BOOL_CONVERSION = YES;
				CLANG_WARN_COMMA = YES;
				CLANG_WARN_CONSTANT_CONVERSION = YES;
				CLANG_WARN_DEPRECATED_OBJC_IMPLEMENTATIONS = YES;
				CLANG_WARN_DIRECT_OBJC_ISA_USAGE = YES_ERROR;
				CLANG_WARN_DOCUMENTATION_COMMENTS = YES;
				CLANG_WARN_EMPTY_BODY = YES;
				CLANG_WARN_ENUM_CONVERSION = YES;
				CLANG_WARN_INFINITE_RECURSION = YES;
				CLANG_WARN_INT_CONVERSION = YES;
				CLANG_WARN_NON_LITERAL_NULL_CONVERSION = YES;
				CLANG_WARN_OBJC_IMPLICIT_RETAIN_SELF = YES;
				CLANG_WARN_OBJC_LITERAL_CONVERSION = YES;
				CLANG_WARN_OBJC_ROOT_CLASS = YES_ERROR;
				CLANG_WARN_QUOTED_INCLUDE_IN_FRAMEWORK_HEADER = YES;
				CLANG_WARN_RANGE_LOOP_ANALYSIS = YES;
				CLANG_WARN_STRICT_PROTOTYPES = YES;
				CLANG_WARN_SUSPICIOUS_MOVE = YES;
				CLANG_WARN_UNGUARDED_AVAILABILITY = YES_AGGRESSIVE;
				CLANG_WARN_UNREACHABLE_CODE = YES;
				CLANG_WARN__DUPLICATE_METHOD_MATCH = YES;
				COPY_PHASE_STRIP = NO;
				DEBUG_INFORMATION_FORMAT = dwarf;
				ENABLE_STRICT_OBJC_MSGSEND = YES;
				ENABLE_TESTABILITY = YES;
				ENABLE_USER_SCRIPT_SANDBOXING = YES;
				GCC_C_LANGUAGE_STANDARD = gnu17;
				GCC_DYNAMIC_NO_PIC = NO;
				GCC_NO_COMMON_BLOCKS = YES;
				GCC_OPTIMIZATION_LEVEL = 0;
				GCC_PREPROCESSOR_DEFINITIONS = (
					"DEBUG=1",
					"$(inherited)",
				);
				GCC_WARN_64_TO_32_BIT_CONVERSION = YES;
				GCC_WARN_ABOUT_RETURN_TYPE = YES_ERROR;
				GCC_WARN_UNDECLARED_SELECTOR = YES;
				GCC_WARN_UNINITIALIZED_AUTOS = YES_AGGRESSIVE;
				GCC_WARN_UNUSED_FUNCTION = YES;
				GCC_WARN_UNUSED_VARIABLE = YES;
				IPHONEOS_DEPLOYMENT_TARGET = 17.4;
				LOCALIZATION_PREFERS_STRING_CATALOGS = YES;
				MTL_ENABLE_DEBUG_INFO = INCLUDE_SOURCE;
				MTL_FAST_MATH = YES;
				ONLY_ACTIVE_ARCH = YES;
				SDKROOT = iphoneos;
				SWIFT_ACTIVE_COMPILATION_CONDITIONS = "DEBUG $(inherited)";
				SWIFT_OPTIMIZATION_LEVEL = "-Onone";
			};
			name = Debug;
		};
		B1EF53FD2BF14B4000FEAC6F /* Release */ = {
			isa = XCBuildConfiguration;
			buildSettings = {
				ALWAYS_SEARCH_USER_PATHS = NO;
				ASSETCATALOG_COMPILER_GENERATE_SWIFT_ASSET_SYMBOL_EXTENSIONS = YES;
				CLANG_ANALYZER_NONNULL = YES;
				CLANG_ANALYZER_NUMBER_OBJECT_CONVERSION = YES_AGGRESSIVE;
				CLANG_CXX_LANGUAGE_STANDARD = "gnu++20";
				CLANG_ENABLE_MODULES = YES;
				CLANG_ENABLE_OBJC_ARC = YES;
				CLANG_ENABLE_OBJC_WEAK = YES;
				CLANG_WARN_BLOCK_CAPTURE_AUTORELEASING = YES;
				CLANG_WARN_BOOL_CONVERSION = YES;
				CLANG_WARN_COMMA = YES;
				CLANG_WARN_CONSTANT_CONVERSION = YES;
				CLANG_WARN_DEPRECATED_OBJC_IMPLEMENTATIONS = YES;
				CLANG_WARN_DIRECT_OBJC_ISA_USAGE = YES_ERROR;
				CLANG_WARN_DOCUMENTATION_COMMENTS = YES;
				CLANG_WARN_EMPTY_BODY = YES;
				CLANG_WARN_ENUM_CONVERSION = YES;
				CLANG_WARN_INFINITE_RECURSION = YES;
				CLANG_WARN_INT_CONVERSION = YES;
				CLANG_WARN_NON_LITERAL_NULL_CONVERSION = YES;
				CLANG_WARN_OBJC_IMPLICIT_RETAIN_SELF = YES;
				CLANG_WARN_OBJC_LITERAL_CONVERSION = YES;
				CLANG_WARN_OBJC_ROOT_CLASS = YES_ERROR;
				CLANG_WARN_QUOTED_INCLUDE_IN_FRAMEWORK_HEADER = YES;
				CLANG_WARN_RANGE_LOOP_ANALYSIS = YES;
				CLANG_WARN_STRICT_PROTOTYPES = YES;
				CLANG_WARN_SUSPICIOUS_MOVE = YES;
				CLANG_WARN_UNGUARDED_AVAILABILITY = YES_AGGRESSIVE;
				CLANG_WARN_UNREACHABLE_CODE = YES;
				CLANG_WARN__DUPLICATE_METHOD_MATCH = YES;
				COPY_PHASE_STRIP = NO;
				DEBUG_INFORMATION_FORMAT = "dwarf-with-dsym";
				ENABLE_NS_ASSERTIONS = NO;
				ENABLE_STRICT_OBJC_MSGSEND = YES;
				ENABLE_USER_SCRIPT_SANDBOXING = YES;
				GCC_C_LANGUAGE_STANDARD = gnu17;
				GCC_NO_COMMON_BLOCKS = YES;
				GCC_WARN_64_TO_32_BIT_CONVERSION = YES;
				GCC_WARN_ABOUT_RETURN_TYPE = YES_ERROR;
				GCC_WARN_UNDECLARED_SELECTOR = YES;
				GCC_WARN_UNINITIALIZED_AUTOS = YES_AGGRESSIVE;
				GCC_WARN_UNUSED_FUNCTION = YES;
				GCC_WARN_UNUSED_VARIABLE = YES;
				IPHONEOS_DEPLOYMENT_TARGET = 17.4;
				LOCALIZATION_PREFERS_STRING_CATALOGS = YES;
				MTL_ENABLE_DEBUG_INFO = NO;
				MTL_FAST_MATH = YES;
				SDKROOT = iphoneos;
				SWIFT_COMPILATION_MODE = wholemodule;
				VALIDATE_PRODUCT = YES;
			};
			name = Release;
		};
		B1EF53FF2BF14B4000FEAC6F /* Debug */ = {
			isa = XCBuildConfiguration;
			buildSettings = {
				ASSETCATALOG_COMPILER_APPICON_NAME = AppIcon;
				ASSETCATALOG_COMPILER_GLOBAL_ACCENT_COLOR_NAME = AccentColor;
				CODE_SIGN_STYLE = Automatic;
				CURRENT_PROJECT_VERSION = 1;
				DEVELOPMENT_TEAM = 3564ZD8VRR;
				GENERATE_INFOPLIST_FILE = YES;
				INFOPLIST_FILE = cureios/Info.plist;
				INFOPLIST_KEY_CFBundleDisplayName = "";
				INFOPLIST_KEY_UIApplicationSupportsIndirectInputEvents = YES;
				INFOPLIST_KEY_UIMainStoryboardFile = Main;
				INFOPLIST_KEY_UISupportedInterfaceOrientations_iPad = "UIInterfaceOrientationPortrait UIInterfaceOrientationPortraitUpsideDown UIInterfaceOrientationLandscapeLeft UIInterfaceOrientationLandscapeRight";
				INFOPLIST_KEY_UISupportedInterfaceOrientations_iPhone = "UIInterfaceOrientationPortrait UIInterfaceOrientationLandscapeLeft UIInterfaceOrientationLandscapeRight";
				LD_RUNPATH_SEARCH_PATHS = (
					"$(inherited)",
					"@executable_path/Frameworks",
				);
				MARKETING_VERSION = 1.0;
				PRODUCT_BUNDLE_IDENTIFIER = com.sofehaus.cureios;
				PRODUCT_NAME = "$(TARGET_NAME)";
				SWIFT_EMIT_LOC_STRINGS = YES;
				SWIFT_VERSION = 5.0;
				TARGETED_DEVICE_FAMILY = "1,2";
			};
			name = Debug;
		};
		B1EF54002BF14B4000FEAC6F /* Release */ = {
			isa = XCBuildConfiguration;
			buildSettings = {
				ASSETCATALOG_COMPILER_APPICON_NAME = AppIcon;
				ASSETCATALOG_COMPILER_GLOBAL_ACCENT_COLOR_NAME = AccentColor;
				CODE_SIGN_STYLE = Automatic;
				CURRENT_PROJECT_VERSION = 1;
				DEVELOPMENT_TEAM = 3564ZD8VRR;
				GENERATE_INFOPLIST_FILE = YES;
				INFOPLIST_FILE = cureios/Info.plist;
				INFOPLIST_KEY_CFBundleDisplayName = "";
				INFOPLIST_KEY_UIApplicationSupportsIndirectInputEvents = YES;
				INFOPLIST_KEY_UIMainStoryboardFile = Main;
				INFOPLIST_KEY_UISupportedInterfaceOrientations_iPad = "UIInterfaceOrientationPortrait UIInterfaceOrientationPortraitUpsideDown UIInterfaceOrientationLandscapeLeft UIInterfaceOrientationLandscapeRight";
				INFOPLIST_KEY_UISupportedInterfaceOrientations_iPhone = "UIInterfaceOrientationPortrait UIInterfaceOrientationLandscapeLeft UIInterfaceOrientationLandscapeRight";
				LD_RUNPATH_SEARCH_PATHS = (
					"$(inherited)",
					"@executable_path/Frameworks",
				);
				MARKETING_VERSION = 1.0;
				PRODUCT_BUNDLE_IDENTIFIER = com.sofehaus.cureios;
				PRODUCT_NAME = "$(TARGET_NAME)";
				SWIFT_EMIT_LOC_STRINGS = YES;
				SWIFT_VERSION = 5.0;
				TARGETED_DEVICE_FAMILY = "1,2";
			};
			name = Release;
		};
/* End XCBuildConfiguration section */

/* Begin XCConfigurationList section */
		B1EF53E52BF14B3400FEAC6F /* Build configuration list for PBXProject "cureios" */ = {
			isa = XCConfigurationList;
			buildConfigurations = (
				B1EF53FC2BF14B4000FEAC6F /* Debug */,
				B1EF53FD2BF14B4000FEAC6F /* Release */,
			);
			defaultConfigurationIsVisible = 0;
			defaultConfigurationName = Release;
		};
		B1EF53FE2BF14B4000FEAC6F /* Build configuration list for PBXNativeTarget "cureios" */ = {
			isa = XCConfigurationList;
			buildConfigurations = (
				B1EF53FF2BF14B4000FEAC6F /* Debug */,
				B1EF54002BF14B4000FEAC6F /* Release */,
			);
			defaultConfigurationIsVisible = 0;
			defaultConfigurationName = Release;
		};
/* End XCConfigurationList section */
	};
	rootObject = B1EF53E22BF14B3400FEAC6F /* Project object */;
}
