// !$*UTF8*$!
{
	archiveVersion = 1;
	classes = {
	};
	objectVersion = 56;
	objects = {

/* Begin PBXBuildFile section */
		B141AFA02BFAF2BE00EB1B3F /* Assets.xcassets in Resources */ = {isa = PBXBuildFile; fileRef = B1EF53F62BF14B4000FEAC6F /* Assets.xcassets */; };
		B141AFB32BFAF2D300EB1B3F /* Exo-ExtraBoldItalic.ttf in Resources */ = {isa = PBXBuildFile; fileRef = B141AFA12BFAF2D300EB1B3F /* Exo-ExtraBoldItalic.ttf */; };
		B141AFB42BFAF2D300EB1B3F /* Exo-Bold.ttf in Resources */ = {isa = PBXBuildFile; fileRef = B141AFA22BFAF2D300EB1B3F /* Exo-Bold.ttf */; };
		B141AFB52BFAF2D300EB1B3F /* Exo-ExtraLight.ttf in Resources */ = {isa = PBXBuildFile; fileRef = B141AFA32BFAF2D300EB1B3F /* Exo-ExtraLight.ttf */; };
		B141AFB62BFAF2D300EB1B3F /* Exo-Thin.ttf in Resources */ = {isa = PBXBuildFile; fileRef = B141AFA42BFAF2D300EB1B3F /* Exo-Thin.ttf */; };
		B141AFB72BFAF2D300EB1B3F /* Exo-LightItalic.ttf in Resources */ = {isa = PBXBuildFile; fileRef = B141AFA52BFAF2D300EB1B3F /* Exo-LightItalic.ttf */; };
		B141AFB82BFAF2D300EB1B3F /* Exo-Regular.ttf in Resources */ = {isa = PBXBuildFile; fileRef = B141AFA62BFAF2D300EB1B3F /* Exo-Regular.ttf */; };
		B141AFB92BFAF2D300EB1B3F /* Exo-SemiBold.ttf in Resources */ = {isa = PBXBuildFile; fileRef = B141AFA72BFAF2D300EB1B3F /* Exo-SemiBold.ttf */; };
		B141AFBA2BFAF2D300EB1B3F /* Exo-Medium.ttf in Resources */ = {isa = PBXBuildFile; fileRef = B141AFA82BFAF2D300EB1B3F /* Exo-Medium.ttf */; };
		B141AFBB2BFAF2D300EB1B3F /* Exo-SemiBoldItalic.ttf in Resources */ = {isa = PBXBuildFile; fileRef = B141AFA92BFAF2D300EB1B3F /* Exo-SemiBoldItalic.ttf */; };
		B141AFBC2BFAF2D300EB1B3F /* Exo-ExtraLightItalic.ttf in Resources */ = {isa = PBXBuildFile; fileRef = B141AFAA2BFAF2D300EB1B3F /* Exo-ExtraLightItalic.ttf */; };
		B141AFBD2BFAF2D300EB1B3F /* Exo-ExtraBold.ttf in Resources */ = {isa = PBXBuildFile; fileRef = B141AFAB2BFAF2D300EB1B3F /* Exo-ExtraBold.ttf */; };
		B141AFBE2BFAF2D300EB1B3F /* Exo-MediumItalic.ttf in Resources */ = {isa = PBXBuildFile; fileRef = B141AFAC2BFAF2D300EB1B3F /* Exo-MediumItalic.ttf */; };
		B141AFBF2BFAF2D300EB1B3F /* Exo-BoldItalic.ttf in Resources */ = {isa = PBXBuildFile; fileRef = B141AFAD2BFAF2D300EB1B3F /* Exo-BoldItalic.ttf */; };
		B141AFC02BFAF2D300EB1B3F /* Exo-ThinItalic.ttf in Resources */ = {isa = PBXBuildFile; fileRef = B141AFAE2BFAF2D300EB1B3F /* Exo-ThinItalic.ttf */; };
		B141AFC12BFAF2D300EB1B3F /* Exo-Black.ttf in Resources */ = {isa = PBXBuildFile; fileRef = B141AFAF2BFAF2D300EB1B3F /* Exo-Black.ttf */; };
		B141AFC22BFAF2D300EB1B3F /* Exo-Italic.ttf in Resources */ = {isa = PBXBuildFile; fileRef = B141AFB02BFAF2D300EB1B3F /* Exo-Italic.ttf */; };
		B141AFC32BFAF2D300EB1B3F /* Exo-Light.ttf in Resources */ = {isa = PBXBuildFile; fileRef = B141AFB12BFAF2D300EB1B3F /* Exo-Light.ttf */; };
		B141AFC42BFAF2D300EB1B3F /* Exo-BlackItalic.ttf in Resources */ = {isa = PBXBuildFile; fileRef = B141AFB22BFAF2D300EB1B3F /* Exo-BlackItalic.ttf */; };
		B1A946D32BFB2D2F0041057F /* Main.storyboard in Resources */ = {isa = PBXBuildFile; fileRef = B1A946D12BFB2D2F0041057F /* Main.storyboard */; };
		B1A946D72BFB2D8C0041057F /* home.storyboard in Resources */ = {isa = PBXBuildFile; fileRef = B1A946D62BFB2D8C0041057F /* home.storyboard */; };
		B1A946D92BFB2D9B0041057F /* homeViewController.swift in Sources */ = {isa = PBXBuildFile; fileRef = B1A946D82BFB2D9B0041057F /* homeViewController.swift */; };
		B1A946DE2BFB2E480041057F /* explore.storyboard in Resources */ = {isa = PBXBuildFile; fileRef = B1A946DD2BFB2E480041057F /* explore.storyboard */; };
		B1A946E02BFB2E580041057F /* ExploreViewController.swift in Sources */ = {isa = PBXBuildFile; fileRef = B1A946DF2BFB2E580041057F /* ExploreViewController.swift */; };
		B1A946E52BFB2E9B0041057F /* event.storyboard in Resources */ = {isa = PBXBuildFile; fileRef = B1A946E42BFB2E9B0041057F /* event.storyboard */; };
		B1A946E72BFB2EA70041057F /* eventViewController.swift in Sources */ = {isa = PBXBuildFile; fileRef = B1A946E62BFB2EA70041057F /* eventViewController.swift */; };
		B1A946EE2BFB36F40041057F /* hub.storyboard in Resources */ = {isa = PBXBuildFile; fileRef = B1A946ED2BFB36F40041057F /* hub.storyboard */; };
		B1A946F02BFB37010041057F /* hubViewController.swift in Sources */ = {isa = PBXBuildFile; fileRef = B1A946EF2BFB37010041057F /* hubViewController.swift */; };
		B1A946F42BFB3E520041057F /* launchScreen.storyboard in Resources */ = {isa = PBXBuildFile; fileRef = B1A946F32BFB3E520041057F /* launchScreen.storyboard */; };
		B1EF53EE2BF14B3400FEAC6F /* AppDelegate.swift in Sources */ = {isa = PBXBuildFile; fileRef = B1EF53ED2BF14B3400FEAC6F /* AppDelegate.swift */; };
		B1EF53F02BF14B3400FEAC6F /* SceneDelegate.swift in Sources */ = {isa = PBXBuildFile; fileRef = B1EF53EF2BF14B3400FEAC6F /* SceneDelegate.swift */; };
		FD0C106E2BFC831C009BD79A /* ExploreData.swift in Sources */ = {isa = PBXBuildFile; fileRef = FD0C106D2BFC831C009BD79A /* ExploreData.swift */; };
		FD0C10722BFC864A009BD79A /* ExploreDetailsViewController.swift in Sources */ = {isa = PBXBuildFile; fileRef = FD0C10712BFC864A009BD79A /* ExploreDetailsViewController.swift */; };
		FD0C10742BFC87E8009BD79A /* ExploreTableViewCell.swift in Sources */ = {isa = PBXBuildFile; fileRef = FD0C10732BFC87E8009BD79A /* ExploreTableViewCell.swift */; };
		FD292C8B2BFB4ADE00D9512D /* course.swift in Sources */ = {isa = PBXBuildFile; fileRef = FD292C8A2BFB4ADE00D9512D /* course.swift */; };
		FD292C8D2BFB4B5900D9512D /* institute.swift in Sources */ = {isa = PBXBuildFile; fileRef = FD292C8C2BFB4B5900D9512D /* institute.swift */; };
/* End PBXBuildFile section */

/* Begin PBXFileReference section */
		B141AFA12BFAF2D300EB1B3F /* Exo-ExtraBoldItalic.ttf */ = {isa = PBXFileReference; lastKnownFileType = file; path = "Exo-ExtraBoldItalic.ttf"; sourceTree = "<group>"; };
		B141AFA22BFAF2D300EB1B3F /* Exo-Bold.ttf */ = {isa = PBXFileReference; lastKnownFileType = file; path = "Exo-Bold.ttf"; sourceTree = "<group>"; };
		B141AFA32BFAF2D300EB1B3F /* Exo-ExtraLight.ttf */ = {isa = PBXFileReference; lastKnownFileType = file; path = "Exo-ExtraLight.ttf"; sourceTree = "<group>"; };
		B141AFA42BFAF2D300EB1B3F /* Exo-Thin.ttf */ = {isa = PBXFileReference; lastKnownFileType = file; path = "Exo-Thin.ttf"; sourceTree = "<group>"; };
		B141AFA52BFAF2D300EB1B3F /* Exo-LightItalic.ttf */ = {isa = PBXFileReference; lastKnownFileType = file; path = "Exo-LightItalic.ttf"; sourceTree = "<group>"; };
		B141AFA62BFAF2D300EB1B3F /* Exo-Regular.ttf */ = {isa = PBXFileReference; lastKnownFileType = file; path = "Exo-Regular.ttf"; sourceTree = "<group>"; };
		B141AFA72BFAF2D300EB1B3F /* Exo-SemiBold.ttf */ = {isa = PBXFileReference; lastKnownFileType = file; path = "Exo-SemiBold.ttf"; sourceTree = "<group>"; };
		B141AFA82BFAF2D300EB1B3F /* Exo-Medium.ttf */ = {isa = PBXFileReference; lastKnownFileType = file; path = "Exo-Medium.ttf"; sourceTree = "<group>"; };
		B141AFA92BFAF2D300EB1B3F /* Exo-SemiBoldItalic.ttf */ = {isa = PBXFileReference; lastKnownFileType = file; path = "Exo-SemiBoldItalic.ttf"; sourceTree = "<group>"; };
		B141AFAA2BFAF2D300EB1B3F /* Exo-ExtraLightItalic.ttf */ = {isa = PBXFileReference; lastKnownFileType = file; path = "Exo-ExtraLightItalic.ttf"; sourceTree = "<group>"; };
		B141AFAB2BFAF2D300EB1B3F /* Exo-ExtraBold.ttf */ = {isa = PBXFileReference; lastKnownFileType = file; path = "Exo-ExtraBold.ttf"; sourceTree = "<group>"; };
		B141AFAC2BFAF2D300EB1B3F /* Exo-MediumItalic.ttf */ = {isa = PBXFileReference; lastKnownFileType = file; path = "Exo-MediumItalic.ttf"; sourceTree = "<group>"; };
		B141AFAD2BFAF2D300EB1B3F /* Exo-BoldItalic.ttf */ = {isa = PBXFileReference; lastKnownFileType = file; path = "Exo-BoldItalic.ttf"; sourceTree = "<group>"; };
		B141AFAE2BFAF2D300EB1B3F /* Exo-ThinItalic.ttf */ = {isa = PBXFileReference; lastKnownFileType = file; path = "Exo-ThinItalic.ttf"; sourceTree = "<group>"; };
		B141AFAF2BFAF2D300EB1B3F /* Exo-Black.ttf */ = {isa = PBXFileReference; lastKnownFileType = file; path = "Exo-Black.ttf"; sourceTree = "<group>"; };
		B141AFB02BFAF2D300EB1B3F /* Exo-Italic.ttf */ = {isa = PBXFileReference; lastKnownFileType = file; path = "Exo-Italic.ttf"; sourceTree = "<group>"; };
		B141AFB12BFAF2D300EB1B3F /* Exo-Light.ttf */ = {isa = PBXFileReference; lastKnownFileType = file; path = "Exo-Light.ttf"; sourceTree = "<group>"; };
		B141AFB22BFAF2D300EB1B3F /* Exo-BlackItalic.ttf */ = {isa = PBXFileReference; lastKnownFileType = file; path = "Exo-BlackItalic.ttf"; sourceTree = "<group>"; };
		B1A946D12BFB2D2F0041057F /* Main.storyboard */ = {isa = PBXFileReference; fileEncoding = 4; lastKnownFileType = file.storyboard; path = Main.storyboard; sourceTree = "<group>"; };
		B1A946D62BFB2D8C0041057F /* home.storyboard */ = {isa = PBXFileReference; lastKnownFileType = file.storyboard; path = home.storyboard; sourceTree = "<group>"; };
		B1A946D82BFB2D9B0041057F /* homeViewController.swift */ = {isa = PBXFileReference; lastKnownFileType = sourcecode.swift; path = homeViewController.swift; sourceTree = "<group>"; };
		B1A946DD2BFB2E480041057F /* explore.storyboard */ = {isa = PBXFileReference; lastKnownFileType = file.storyboard; path = explore.storyboard; sourceTree = "<group>"; };
		B1A946DF2BFB2E580041057F /* ExploreViewController.swift */ = {isa = PBXFileReference; lastKnownFileType = sourcecode.swift; path = ExploreViewController.swift; sourceTree = "<group>"; };
		B1A946E42BFB2E9B0041057F /* event.storyboard */ = {isa = PBXFileReference; lastKnownFileType = file.storyboard; path = event.storyboard; sourceTree = "<group>"; };
		B1A946E62BFB2EA70041057F /* eventViewController.swift */ = {isa = PBXFileReference; lastKnownFileType = sourcecode.swift; path = eventViewController.swift; sourceTree = "<group>"; };
		B1A946ED2BFB36F40041057F /* hub.storyboard */ = {isa = PBXFileReference; lastKnownFileType = file.storyboard; path = hub.storyboard; sourceTree = "<group>"; };
		B1A946EF2BFB37010041057F /* hubViewController.swift */ = {isa = PBXFileReference; lastKnownFileType = sourcecode.swift; path = hubViewController.swift; sourceTree = "<group>"; };
		B1A946F32BFB3E520041057F /* launchScreen.storyboard */ = {isa = PBXFileReference; fileEncoding = 4; lastKnownFileType = file.storyboard; path = launchScreen.storyboard; sourceTree = "<group>"; };
		B1EF53EA2BF14B3400FEAC6F /* cureios.app */ = {isa = PBXFileReference; explicitFileType = wrapper.application; includeInIndex = 0; path = cureios.app; sourceTree = BUILT_PRODUCTS_DIR; };
		B1EF53ED2BF14B3400FEAC6F /* AppDelegate.swift */ = {isa = PBXFileReference; lastKnownFileType = sourcecode.swift; path = AppDelegate.swift; sourceTree = "<group>"; };
		B1EF53EF2BF14B3400FEAC6F /* SceneDelegate.swift */ = {isa = PBXFileReference; lastKnownFileType = sourcecode.swift; path = SceneDelegate.swift; sourceTree = "<group>"; };
		B1EF53F62BF14B4000FEAC6F /* Assets.xcassets */ = {isa = PBXFileReference; lastKnownFileType = folder.assetcatalog; path = Assets.xcassets; sourceTree = "<group>"; };
		B1EF53FB2BF14B4000FEAC6F /* Info.plist */ = {isa = PBXFileReference; lastKnownFileType = text.plist.xml; path = Info.plist; sourceTree = "<group>"; };
		FD0C106D2BFC831C009BD79A /* ExploreData.swift */ = {isa = PBXFileReference; lastKnownFileType = sourcecode.swift; name = ExploreData.swift; path = cureios/ui/explore/controller/ExploreData.swift; sourceTree = SOURCE_ROOT; };
		FD0C10712BFC864A009BD79A /* ExploreDetailsViewController.swift */ = {isa = PBXFileReference; lastKnownFileType = sourcecode.swift; path = ExploreDetailsViewController.swift; sourceTree = "<group>"; };
		FD0C10732BFC87E8009BD79A /* ExploreTableViewCell.swift */ = {isa = PBXFileReference; lastKnownFileType = sourcecode.swift; path = ExploreTableViewCell.swift; sourceTree = "<group>"; };
		FD292C8A2BFB4ADE00D9512D /* course.swift */ = {isa = PBXFileReference; lastKnownFileType = sourcecode.swift; path = course.swift; sourceTree = "<group>"; };
		FD292C8C2BFB4B5900D9512D /* institute.swift */ = {isa = PBXFileReference; lastKnownFileType = sourcecode.swift; path = institute.swift; sourceTree = "<group>"; };
/* End PBXFileReference section */

/* Begin PBXFrameworksBuildPhase section */
		B1EF53E72BF14B3400FEAC6F /* Frameworks */ = {
			isa = PBXFrameworksBuildPhase;
			buildActionMask = 2147483647;
			files = (
			);
			runOnlyForDeploymentPostprocessing = 0;
		};
/* End PBXFrameworksBuildPhase section */

/* Begin PBXGroup section */
		B141AF9C2BFAF28200EB1B3F /* assets */ = {
			isa = PBXGroup;
			children = (
				B141AF9F2BFAF2B100EB1B3F /* fonts */,
				B141AF9E2BFAF2AB00EB1B3F /* images */,
			);
			path = assets;
			sourceTree = "<group>";
		};
		B141AF9E2BFAF2AB00EB1B3F /* images */ = {
			isa = PBXGroup;
			children = (
				B1EF53F62BF14B4000FEAC6F /* Assets.xcassets */,
			);
			path = images;
			sourceTree = "<group>";
		};
		B141AF9F2BFAF2B100EB1B3F /* fonts */ = {
			isa = PBXGroup;
			children = (
				B141AFAF2BFAF2D300EB1B3F /* Exo-Black.ttf */,
				B141AFB22BFAF2D300EB1B3F /* Exo-BlackItalic.ttf */,
				B141AFA22BFAF2D300EB1B3F /* Exo-Bold.ttf */,
				B141AFAD2BFAF2D300EB1B3F /* Exo-BoldItalic.ttf */,
				B141AFAB2BFAF2D300EB1B3F /* Exo-ExtraBold.ttf */,
				B141AFA12BFAF2D300EB1B3F /* Exo-ExtraBoldItalic.ttf */,
				B141AFA32BFAF2D300EB1B3F /* Exo-ExtraLight.ttf */,
				B141AFAA2BFAF2D300EB1B3F /* Exo-ExtraLightItalic.ttf */,
				B141AFB02BFAF2D300EB1B3F /* Exo-Italic.ttf */,
				B141AFB12BFAF2D300EB1B3F /* Exo-Light.ttf */,
				B141AFA52BFAF2D300EB1B3F /* Exo-LightItalic.ttf */,
				B141AFA82BFAF2D300EB1B3F /* Exo-Medium.ttf */,
				B141AFAC2BFAF2D300EB1B3F /* Exo-MediumItalic.ttf */,
				B141AFA62BFAF2D300EB1B3F /* Exo-Regular.ttf */,
				B141AFA72BFAF2D300EB1B3F /* Exo-SemiBold.ttf */,
				B141AFA92BFAF2D300EB1B3F /* Exo-SemiBoldItalic.ttf */,
				B141AFA42BFAF2D300EB1B3F /* Exo-Thin.ttf */,
				B141AFAE2BFAF2D300EB1B3F /* Exo-ThinItalic.ttf */,
			);
			path = fonts;
			sourceTree = "<group>";
		};
		B1A946CB2BFB283C0041057F /* home */ = {
			isa = PBXGroup;
			children = (
				B1A946D42BFB2D570041057F /* view */,
				B1A946D52BFB2D610041057F /* controller */,
			);
			path = home;
			sourceTree = "<group>";
		};
		B1A946D42BFB2D570041057F /* view */ = {
			isa = PBXGroup;
			children = (
				B1A946D62BFB2D8C0041057F /* home.storyboard */,
			);
			path = view;
			sourceTree = "<group>";
		};
		B1A946D52BFB2D610041057F /* controller */ = {
			isa = PBXGroup;
			children = (
				B1A946D82BFB2D9B0041057F /* homeViewController.swift */,
			);
			path = controller;
			sourceTree = "<group>";
		};
		B1A946DA2BFB2DBE0041057F /* explore */ = {
			isa = PBXGroup;
			children = (
				B1A946DB2BFB2E000041057F /* view */,
				B1A946DC2BFB2E070041057F /* controller */,
			);
			path = explore;
			sourceTree = "<group>";
		};
		B1A946DB2BFB2E000041057F /* view */ = {
			isa = PBXGroup;
			children = (
				B1A946DD2BFB2E480041057F /* explore.storyboard */,
			);
			path = view;
			sourceTree = "<group>";
		};
		B1A946DC2BFB2E070041057F /* controller */ = {
			isa = PBXGroup;
			children = (
				B1A946DF2BFB2E580041057F /* ExploreViewController.swift */,
				FD0C10732BFC87E8009BD79A /* ExploreTableViewCell.swift */,
				FD0C106D2BFC831C009BD79A /* ExploreData.swift */,
				FD0C10712BFC864A009BD79A /* ExploreDetailsViewController.swift */,
			);
			path = controller;
			sourceTree = "<group>";
		};
		B1A946E12BFB2E5E0041057F /* event */ = {
			isa = PBXGroup;
			children = (
				B1A946E22BFB2E7C0041057F /* view */,
				B1A946E32BFB2E810041057F /* controller */,
			);
			path = event;
			sourceTree = "<group>";
		};
		B1A946E22BFB2E7C0041057F /* view */ = {
			isa = PBXGroup;
			children = (
				B1A946E42BFB2E9B0041057F /* event.storyboard */,
			);
			path = view;
			sourceTree = "<group>";
		};
		B1A946E32BFB2E810041057F /* controller */ = {
			isa = PBXGroup;
			children = (
				B1A946E62BFB2EA70041057F /* eventViewController.swift */,
			);
			path = controller;
			sourceTree = "<group>";
		};
		B1A946EA2BFB36DA0041057F /* hub */ = {
			isa = PBXGroup;
			children = (
				B1A946EC2BFB36E80041057F /* controller */,
				B1A946EB2BFB36E10041057F /* view */,
			);
			path = hub;
			sourceTree = "<group>";
		};
		B1A946EB2BFB36E10041057F /* view */ = {
			isa = PBXGroup;
			children = (
				B1A946ED2BFB36F40041057F /* hub.storyboard */,
			);
			path = view;
			sourceTree = "<group>";
		};
		B1A946EC2BFB36E80041057F /* controller */ = {
			isa = PBXGroup;
			children = (
				B1A946EF2BFB37010041057F /* hubViewController.swift */,
			);
			path = controller;
			sourceTree = "<group>";
		};
		B1EE91B32BF2F75100A66182 /* ui */ = {
			isa = PBXGroup;
			children = (
				B1A946EA2BFB36DA0041057F /* hub */,
				B1A946E12BFB2E5E0041057F /* event */,
				B1A946DA2BFB2DBE0041057F /* explore */,
				B1A946CB2BFB283C0041057F /* home */,
				B1A946D12BFB2D2F0041057F /* Main.storyboard */,
				B1A946F32BFB3E520041057F /* launchScreen.storyboard */,
			);
			path = ui;
			sourceTree = "<group>";
		};
		B1EF53E12BF14B3400FEAC6F = {
			isa = PBXGroup;
			children = (
				B1EF53EC2BF14B3400FEAC6F /* cureios */,
				B1EF53EB2BF14B3400FEAC6F /* Products */,
			);
			sourceTree = "<group>";
		};
		B1EF53EB2BF14B3400FEAC6F /* Products */ = {
			isa = PBXGroup;
			children = (
				B1EF53EA2BF14B3400FEAC6F /* cureios.app */,
			);
			name = Products;
			sourceTree = "<group>";
		};
		B1EF53EC2BF14B3400FEAC6F /* cureios */ = {
			isa = PBXGroup;
			children = (
				FD292C892BFB4AA100D9512D /* model */,
				B141AF9C2BFAF28200EB1B3F /* assets */,
				B1EE91B32BF2F75100A66182 /* ui */,
				B1EF53ED2BF14B3400FEAC6F /* AppDelegate.swift */,
				B1EF53EF2BF14B3400FEAC6F /* SceneDelegate.swift */,
				B1EF53FB2BF14B4000FEAC6F /* Info.plist */,
			);
			path = cureios;
			sourceTree = "<group>";
		};
		FD292C892BFB4AA100D9512D /* model */ = {
			isa = PBXGroup;
			children = (
				FD292C8A2BFB4ADE00D9512D /* course.swift */,
				FD292C8C2BFB4B5900D9512D /* institute.swift */,
			);
			path = model;
			sourceTree = "<group>";
		};
/* End PBXGroup section */

/* Begin PBXNativeTarget section */
		B1EF53E92BF14B3400FEAC6F /* cureios */ = {
			isa = PBXNativeTarget;
			buildConfigurationList = B1EF53FE2BF14B4000FEAC6F /* Build configuration list for PBXNativeTarget "cureios" */;
			buildPhases = (
				B1EF53E62BF14B3400FEAC6F /* Sources */,
				B1EF53E72BF14B3400FEAC6F /* Frameworks */,
				B1EF53E82BF14B3400FEAC6F /* Resources */,
			);
			buildRules = (
			);
			dependencies = (
			);
			name = cureios;
			productName = cureios;
			productReference = B1EF53EA2BF14B3400FEAC6F /* cureios.app */;
			productType = "com.apple.product-type.application";
		};
/* End PBXNativeTarget section */

/* Begin PBXProject section */
		B1EF53E22BF14B3400FEAC6F /* Project object */ = {
			isa = PBXProject;
			attributes = {
				BuildIndependentTargetsInParallel = 1;
				LastSwiftUpdateCheck = 1530;
				LastUpgradeCheck = 1530;
				TargetAttributes = {
					B1EF53E92BF14B3400FEAC6F = {
						CreatedOnToolsVersion = 15.3;
					};
				};
			};
			buildConfigurationList = B1EF53E52BF14B3400FEAC6F /* Build configuration list for PBXProject "cureios" */;
			compatibilityVersion = "Xcode 14.0";
			developmentRegion = en;
			hasScannedForEncodings = 0;
			knownRegions = (
				en,
				Base,
			);
			mainGroup = B1EF53E12BF14B3400FEAC6F;
			productRefGroup = B1EF53EB2BF14B3400FEAC6F /* Products */;
			projectDirPath = "";
			projectRoot = "";
			targets = (
				B1EF53E92BF14B3400FEAC6F /* cureios */,
			);
		};
/* End PBXProject section */

/* Begin PBXResourcesBuildPhase section */
		B1EF53E82BF14B3400FEAC6F /* Resources */ = {
			isa = PBXResourcesBuildPhase;
			buildActionMask = 2147483647;
			files = (
				B1A946D32BFB2D2F0041057F /* Main.storyboard in Resources */,
				B1A946E52BFB2E9B0041057F /* event.storyboard in Resources */,
				B141AFA02BFAF2BE00EB1B3F /* Assets.xcassets in Resources */,
				B141AFC42BFAF2D300EB1B3F /* Exo-BlackItalic.ttf in Resources */,
				B141AFBB2BFAF2D300EB1B3F /* Exo-SemiBoldItalic.ttf in Resources */,
				B141AFC32BFAF2D300EB1B3F /* Exo-Light.ttf in Resources */,
				B141AFB92BFAF2D300EB1B3F /* Exo-SemiBold.ttf in Resources */,
				B141AFB72BFAF2D300EB1B3F /* Exo-LightItalic.ttf in Resources */,
				B141AFBC2BFAF2D300EB1B3F /* Exo-ExtraLightItalic.ttf in Resources */,
				B1A946D72BFB2D8C0041057F /* home.storyboard in Resources */,
				B141AFC12BFAF2D300EB1B3F /* Exo-Black.ttf in Resources */,
				B141AFBA2BFAF2D300EB1B3F /* Exo-Medium.ttf in Resources */,
				B141AFB42BFAF2D300EB1B3F /* Exo-Bold.ttf in Resources */,
				B141AFBF2BFAF2D300EB1B3F /* Exo-BoldItalic.ttf in Resources */,
				B1A946EE2BFB36F40041057F /* hub.storyboard in Resources */,
				B1A946F42BFB3E520041057F /* launchScreen.storyboard in Resources */,
				B141AFB82BFAF2D300EB1B3F /* Exo-Regular.ttf in Resources */,
				B141AFB52BFAF2D300EB1B3F /* Exo-ExtraLight.ttf in Resources */,
				B1A946DE2BFB2E480041057F /* explore.storyboard in Resources */,
				B141AFC22BFAF2D300EB1B3F /* Exo-Italic.ttf in Resources */,
				B141AFB62BFAF2D300EB1B3F /* Exo-Thin.ttf in Resources */,
				B141AFBE2BFAF2D300EB1B3F /* Exo-MediumItalic.ttf in Resources */,
				B141AFBD2BFAF2D300EB1B3F /* Exo-ExtraBold.ttf in Resources */,
				B141AFC02BFAF2D300EB1B3F /* Exo-ThinItalic.ttf in Resources */,
				B141AFB32BFAF2D300EB1B3F /* Exo-ExtraBoldItalic.ttf in Resources */,
			);
			runOnlyForDeploymentPostprocessing = 0;
		};
/* End PBXResourcesBuildPhase section */

/* Begin PBXSourcesBuildPhase section */
		B1EF53E62BF14B3400FEAC6F /* Sources */ = {
			isa = PBXSourcesBuildPhase;
			buildActionMask = 2147483647;
			files = (
				FD0C10742BFC87E8009BD79A /* ExploreTableViewCell.swift in Sources */,
				B1A946F02BFB37010041057F /* hubViewController.swift in Sources */,
				B1A946E02BFB2E580041057F /* ExploreViewController.swift in Sources */,
				B1EF53EE2BF14B3400FEAC6F /* AppDelegate.swift in Sources */,
				FD292C8D2BFB4B5900D9512D /* institute.swift in Sources */,
				FD0C106E2BFC831C009BD79A /* ExploreData.swift in Sources */,
				FD292C8B2BFB4ADE00D9512D /* course.swift in Sources */,
				B1A946D92BFB2D9B0041057F /* homeViewController.swift in Sources */,
				B1A946E72BFB2EA70041057F /* eventViewController.swift in Sources */,
				FD0C10722BFC864A009BD79A /* ExploreDetailsViewController.swift in Sources */,
				B1EF53F02BF14B3400FEAC6F /* SceneDelegate.swift in Sources */,
			);
			runOnlyForDeploymentPostprocessing = 0;
		};
/* End PBXSourcesBuildPhase section */

/* Begin XCBuildConfiguration section */
		B1EF53FC2BF14B4000FEAC6F /* Debug */ = {
			isa = XCBuildConfiguration;
			buildSettings = {
				ALWAYS_SEARCH_USER_PATHS = NO;
				ASSETCATALOG_COMPILER_GENERATE_SWIFT_ASSET_SYMBOL_EXTENSIONS = YES;
				CLANG_ANALYZER_NONNULL = YES;
				CLANG_ANALYZER_NUMBER_OBJECT_CONVERSION = YES_AGGRESSIVE;
				CLANG_CXX_LANGUAGE_STANDARD = "gnu++20";
				CLANG_ENABLE_MODULES = YES;
				CLANG_ENABLE_OBJC_ARC = YES;
				CLANG_ENABLE_OBJC_WEAK = YES;
				CLANG_WARN_BLOCK_CAPTURE_AUTORELEASING = YES;
				CLANG_WARN_BOOL_CONVERSION = YES;
				CLANG_WARN_COMMA = YES;
				CLANG_WARN_CONSTANT_CONVERSION = YES;
				CLANG_WARN_DEPRECATED_OBJC_IMPLEMENTATIONS = YES;
				CLANG_WARN_DIRECT_OBJC_ISA_USAGE = YES_ERROR;
				CLANG_WARN_DOCUMENTATION_COMMENTS = YES;
				CLANG_WARN_EMPTY_BODY = YES;
				CLANG_WARN_ENUM_CONVERSION = YES;
				CLANG_WARN_INFINITE_RECURSION = YES;
				CLANG_WARN_INT_CONVERSION = YES;
				CLANG_WARN_NON_LITERAL_NULL_CONVERSION = YES;
				CLANG_WARN_OBJC_IMPLICIT_RETAIN_SELF = YES;
				CLANG_WARN_OBJC_LITERAL_CONVERSION = YES;
				CLANG_WARN_OBJC_ROOT_CLASS = YES_ERROR;
				CLANG_WARN_QUOTED_INCLUDE_IN_FRAMEWORK_HEADER = YES;
				CLANG_WARN_RANGE_LOOP_ANALYSIS = YES;
				CLANG_WARN_STRICT_PROTOTYPES = YES;
				CLANG_WARN_SUSPICIOUS_MOVE = YES;
				CLANG_WARN_UNGUARDED_AVAILABILITY = YES_AGGRESSIVE;
				CLANG_WARN_UNREACHABLE_CODE = YES;
				CLANG_WARN__DUPLICATE_METHOD_MATCH = YES;
				COPY_PHASE_STRIP = NO;
				DEBUG_INFORMATION_FORMAT = dwarf;
				ENABLE_STRICT_OBJC_MSGSEND = YES;
				ENABLE_TESTABILITY = YES;
				ENABLE_USER_SCRIPT_SANDBOXING = YES;
				GCC_C_LANGUAGE_STANDARD = gnu17;
				GCC_DYNAMIC_NO_PIC = NO;
				GCC_NO_COMMON_BLOCKS = YES;
				GCC_OPTIMIZATION_LEVEL = 0;
				GCC_PREPROCESSOR_DEFINITIONS = (
					"DEBUG=1",
					"$(inherited)",
				);
				GCC_WARN_64_TO_32_BIT_CONVERSION = YES;
				GCC_WARN_ABOUT_RETURN_TYPE = YES_ERROR;
				GCC_WARN_UNDECLARED_SELECTOR = YES;
				GCC_WARN_UNINITIALIZED_AUTOS = YES_AGGRESSIVE;
				GCC_WARN_UNUSED_FUNCTION = YES;
				GCC_WARN_UNUSED_VARIABLE = YES;
				IPHONEOS_DEPLOYMENT_TARGET = 17.4;
				LOCALIZATION_PREFERS_STRING_CATALOGS = YES;
				MTL_ENABLE_DEBUG_INFO = INCLUDE_SOURCE;
				MTL_FAST_MATH = YES;
				ONLY_ACTIVE_ARCH = YES;
				SDKROOT = iphoneos;
				SWIFT_ACTIVE_COMPILATION_CONDITIONS = "DEBUG $(inherited)";
				SWIFT_OPTIMIZATION_LEVEL = "-Onone";
			};
			name = Debug;
		};
		B1EF53FD2BF14B4000FEAC6F /* Release */ = {
			isa = XCBuildConfiguration;
			buildSettings = {
				ALWAYS_SEARCH_USER_PATHS = NO;
				ASSETCATALOG_COMPILER_GENERATE_SWIFT_ASSET_SYMBOL_EXTENSIONS = YES;
				CLANG_ANALYZER_NONNULL = YES;
				CLANG_ANALYZER_NUMBER_OBJECT_CONVERSION = YES_AGGRESSIVE;
				CLANG_CXX_LANGUAGE_STANDARD = "gnu++20";
				CLANG_ENABLE_MODULES = YES;
				CLANG_ENABLE_OBJC_ARC = YES;
				CLANG_ENABLE_OBJC_WEAK = YES;
				CLANG_WARN_BLOCK_CAPTURE_AUTORELEASING = YES;
				CLANG_WARN_BOOL_CONVERSION = YES;
				CLANG_WARN_COMMA = YES;
				CLANG_WARN_CONSTANT_CONVERSION = YES;
				CLANG_WARN_DEPRECATED_OBJC_IMPLEMENTATIONS = YES;
				CLANG_WARN_DIRECT_OBJC_ISA_USAGE = YES_ERROR;
				CLANG_WARN_DOCUMENTATION_COMMENTS = YES;
				CLANG_WARN_EMPTY_BODY = YES;
				CLANG_WARN_ENUM_CONVERSION = YES;
				CLANG_WARN_INFINITE_RECURSION = YES;
				CLANG_WARN_INT_CONVERSION = YES;
				CLANG_WARN_NON_LITERAL_NULL_CONVERSION = YES;
				CLANG_WARN_OBJC_IMPLICIT_RETAIN_SELF = YES;
				CLANG_WARN_OBJC_LITERAL_CONVERSION = YES;
				CLANG_WARN_OBJC_ROOT_CLASS = YES_ERROR;
				CLANG_WARN_QUOTED_INCLUDE_IN_FRAMEWORK_HEADER = YES;
				CLANG_WARN_RANGE_LOOP_ANALYSIS = YES;
				CLANG_WARN_STRICT_PROTOTYPES = YES;
				CLANG_WARN_SUSPICIOUS_MOVE = YES;
				CLANG_WARN_UNGUARDED_AVAILABILITY = YES_AGGRESSIVE;
				CLANG_WARN_UNREACHABLE_CODE = YES;
				CLANG_WARN__DUPLICATE_METHOD_MATCH = YES;
				COPY_PHASE_STRIP = NO;
				DEBUG_INFORMATION_FORMAT = "dwarf-with-dsym";
				ENABLE_NS_ASSERTIONS = NO;
				ENABLE_STRICT_OBJC_MSGSEND = YES;
				ENABLE_USER_SCRIPT_SANDBOXING = YES;
				GCC_C_LANGUAGE_STANDARD = gnu17;
				GCC_NO_COMMON_BLOCKS = YES;
				GCC_WARN_64_TO_32_BIT_CONVERSION = YES;
				GCC_WARN_ABOUT_RETURN_TYPE = YES_ERROR;
				GCC_WARN_UNDECLARED_SELECTOR = YES;
				GCC_WARN_UNINITIALIZED_AUTOS = YES_AGGRESSIVE;
				GCC_WARN_UNUSED_FUNCTION = YES;
				GCC_WARN_UNUSED_VARIABLE = YES;
				IPHONEOS_DEPLOYMENT_TARGET = 17.4;
				LOCALIZATION_PREFERS_STRING_CATALOGS = YES;
				MTL_ENABLE_DEBUG_INFO = NO;
				MTL_FAST_MATH = YES;
				SDKROOT = iphoneos;
				SWIFT_COMPILATION_MODE = wholemodule;
				VALIDATE_PRODUCT = YES;
			};
			name = Release;
		};
		B1EF53FF2BF14B4000FEAC6F /* Debug */ = {
			isa = XCBuildConfiguration;
			buildSettings = {
				ASSETCATALOG_COMPILER_APPICON_NAME = AppIcon;
				ASSETCATALOG_COMPILER_GLOBAL_ACCENT_COLOR_NAME = AccentColor;
				ASSETCATALOG_COMPILER_INCLUDE_ALL_APPICON_ASSETS = NO;
				CODE_SIGN_STYLE = Automatic;
				CURRENT_PROJECT_VERSION = 1;
				DEVELOPMENT_TEAM = 6D2DJPGTY2;
				GENERATE_INFOPLIST_FILE = YES;
				INFOPLIST_FILE = cureios/Info.plist;
				INFOPLIST_KEY_CFBundleDisplayName = Cureios;
				INFOPLIST_KEY_LSApplicationCategoryType = "public.app-category.lifestyle";
				INFOPLIST_KEY_UIApplicationSupportsIndirectInputEvents = YES;
				INFOPLIST_KEY_UILaunchStoryboardName = launchScreen.storyboard;
				INFOPLIST_KEY_UIMainStoryboardFile = Main;
				INFOPLIST_KEY_UISupportedInterfaceOrientations = UIInterfaceOrientationPortrait;
				LD_RUNPATH_SEARCH_PATHS = (
					"$(inherited)",
					"@executable_path/Frameworks",
				);
				MARKETING_VERSION = 0.1;
				PRODUCT_BUNDLE_IDENTIFIER = com.sofehaus.cureios;
				PRODUCT_NAME = "$(TARGET_NAME)";
				SWIFT_EMIT_LOC_STRINGS = YES;
				SWIFT_VERSION = 5.0;
				TARGETED_DEVICE_FAMILY = "1,2";
			};
			name = Debug;
		};
		B1EF54002BF14B4000FEAC6F /* Release */ = {
			isa = XCBuildConfiguration;
			buildSettings = {
				ASSETCATALOG_COMPILER_APPICON_NAME = AppIcon;
				ASSETCATALOG_COMPILER_GLOBAL_ACCENT_COLOR_NAME = AccentColor;
				ASSETCATALOG_COMPILER_INCLUDE_ALL_APPICON_ASSETS = NO;
				CODE_SIGN_STYLE = Automatic;
				CURRENT_PROJECT_VERSION = 1;
				DEVELOPMENT_TEAM = 6D2DJPGTY2;
				GENERATE_INFOPLIST_FILE = YES;
				INFOPLIST_FILE = cureios/Info.plist;
				INFOPLIST_KEY_CFBundleDisplayName = Cureios;
				INFOPLIST_KEY_LSApplicationCategoryType = "public.app-category.lifestyle";
				INFOPLIST_KEY_UIApplicationSupportsIndirectInputEvents = YES;
				INFOPLIST_KEY_UILaunchStoryboardName = launchScreen.storyboard;
				INFOPLIST_KEY_UIMainStoryboardFile = Main;
				INFOPLIST_KEY_UISupportedInterfaceOrientations = UIInterfaceOrientationPortrait;
				LD_RUNPATH_SEARCH_PATHS = (
					"$(inherited)",
					"@executable_path/Frameworks",
				);
				MARKETING_VERSION = 0.1;
				PRODUCT_BUNDLE_IDENTIFIER = com.sofehaus.cureios;
				PRODUCT_NAME = "$(TARGET_NAME)";
				SWIFT_EMIT_LOC_STRINGS = YES;
				SWIFT_VERSION = 5.0;
				TARGETED_DEVICE_FAMILY = "1,2";
			};
			name = Release;
		};
/* End XCBuildConfiguration section */

/* Begin XCConfigurationList section */
		B1EF53E52BF14B3400FEAC6F /* Build configuration list for PBXProject "cureios" */ = {
			isa = XCConfigurationList;
			buildConfigurations = (
				B1EF53FC2BF14B4000FEAC6F /* Debug */,
				B1EF53FD2BF14B4000FEAC6F /* Release */,
			);
			defaultConfigurationIsVisible = 0;
			defaultConfigurationName = Release;
		};
		B1EF53FE2BF14B4000FEAC6F /* Build configuration list for PBXNativeTarget "cureios" */ = {
			isa = XCConfigurationList;
			buildConfigurations = (
				B1EF53FF2BF14B4000FEAC6F /* Debug */,
				B1EF54002BF14B4000FEAC6F /* Release */,
			);
			defaultConfigurationIsVisible = 0;
			defaultConfigurationName = Release;
		};
/* End XCConfigurationList section */
	};
	rootObject = B1EF53E22BF14B3400FEAC6F /* Project object */;
}
